<Solution>
  <Folder Name="/src/">
    <Project Path="src/overlays/overlays.esproj">
      <Build />
      <Deploy />
    </Project>
    <Project Path="src/Riftcaster.Admin/Riftcaster.Admin.csproj" />
    <Project Path="src/Riftcaster.Contracts/Riftcaster.Contracts.csproj" />
    <Project Path="src/Riftcaster.Core/Riftcaster.Core.csproj" />
    <Project Path="src/Riftcaster.Server/Riftcaster.Server.csproj" />
  </Folder>
  <Folder Name="/tests/">
    <Project Path="tests/Riftcaster.Core.Tests/Riftcaster.Core.Tests.csproj" />
    <Project Path="tests/Riftcaster.Server.Tests/Riftcaster.Server.Tests.csproj" />
  </Folder>
  <Folder Name="/tools/">
    <Project Path="tools/Riftcaster.Codegen/Riftcaster.Codegen.csproj" />
  </Folder>
</Solution>
